altgraph==0.17.5
cffi==2.1.1
colorama==0.4.6
cryptography==50.0.1
iniconfig==2.3.0
packaging==26.3
pefile==2024.8.26
pillow==12.3.0
pluggy==1.6.0
psutil==7.2.2
pycparser==3.0
Pygments==2.21.0
pyinstaller==6.22.2
pyinstaller-hooks-contrib==2026.7
pynput==1.8.2
PyQt6==6.11.0
PyQt6-Qt6==6.11.2
PyQt6_sip==13.12.0
pytest==9.1.1
pywin32==312
pywin32-ctypes==0.2.3
setuptools==84.0.0
six==1.17.0
